
Microsoft Visual Studio Solution File, Format Version 12.00
Project("{FAE04EC0-301F-11D3-BF4B-00C04F79EFBC}") = "Catalog", "Catalog.csproj", "{0E5B061D-A8B9-476D-A84B-220B16A4F0B7}"
EndProject
Global
	GlobalSection(SolutionConfigurationPlatforms) = preSolution
		Debug|Any CPU = Debug|Any CPU
		Release|Any CPU = Release|Any CPU
	EndGlobalSection
	GlobalSection(ProjectConfigurationPlatforms) = postSolution
		{0E5B061D-A8B9-476D-A84B-220B16A4F0B7}.Debug|Any CPU.ActiveCfg = Debug|Any CPU
		{0E5B061D-A8B9-476D-A84B-220B16A4F0B7}.Debug|Any CPU.Build.0 = Debug|Any CPU
		{0E5B061D-A8B9-476D-A84B-220B16A4F0B7}.Release|Any CPU.ActiveCfg = Release|Any CPU
		{0E5B061D-A8B9-476D-A84B-220B16A4F0B7}.Release|Any CPU.Build.0 = Release|Any CPU
	EndGlobalSection
EndGlobal
